
Microsoft Visual Studio Solution File, Format Version 12.00
# Visual Studio 2013
VisualStudioVersion = 12.0.21005.1
MinimumVisualStudioVersion = 10.0.40219.1
Project("{8BC9CEB8-8B4A-11D0-8D11-00A0C91BC942}") = "TestLibraries", "TestLibraries\TestLibraries.vcxproj", "{6D71B04F-D831-42C9-9BEE-31C60A318DFD}"
EndProject
Project("{8BC9CEB8-8B4A-11D0-8D11-00A0C91BC942}") = "gtest", "..\..\gtest-1.7.0\msvc\gtest.vcxproj", "{C8F6C172-56F2-4E76-B5FA-C3B423B31BE7}"
EndProject
Project("{8BC9CEB8-8B4A-11D0-8D11-00A0C91BC942}") = "UnitTests", "UnitTests\UnitTests.vcxproj", "{6EC6571F-46B8-448A-BE0B-A71139EBEE27}"
	ProjectSection(ProjectDependencies) = postProject
		{6D71B04F-D831-42C9-9BEE-31C60A318DFD} = {6D71B04F-D831-42C9-9BEE-31C60A318DFD}
		{C8F6C172-56F2-4E76-B5FA-C3B423B31BE7} = {C8F6C172-56F2-4E76-B5FA-C3B423B31BE7}
	EndProjectSection
EndProject
Global
	GlobalSection(SolutionConfigurationPlatforms) = preSolution
		Debug|Win32 = Debug|Win32
		Release|Win32 = Release|Win32
	EndGlobalSection
	GlobalSection(ProjectConfigurationPlatforms) = postSolution
		{6D71B04F-D831-42C9-9BEE-31C60A318DFD}.Debug|Win32.ActiveCfg = Debug|Win32
		{6D71B04F-D831-42C9-9BEE-31C60A318DFD}.Debug|Win32.Build.0 = Debug|Win32
		{6D71B04F-D831-42C9-9BEE-31C60A318DFD}.Release|Win32.ActiveCfg = Release|Win32
		{6D71B04F-D831-42C9-9BEE-31C60A318DFD}.Release|Win32.Build.0 = Release|Win32
		{C8F6C172-56F2-4E76-B5FA-C3B423B31BE7}.Debug|Win32.ActiveCfg = Debug|Win32
		{C8F6C172-56F2-4E76-B5FA-C3B423B31BE7}.Debug|Win32.Build.0 = Debug|Win32
		{C8F6C172-56F2-4E76-B5FA-C3B423B31BE7}.Release|Win32.ActiveCfg = Release|Win32
		{C8F6C172-56F2-4E76-B5FA-C3B423B31BE7}.Release|Win32.Build.0 = Release|Win32
		{6EC6571F-46B8-448A-BE0B-A71139EBEE27}.Debug|Win32.ActiveCfg = Debug|Win32
		{6EC6571F-46B8-448A-BE0B-A71139EBEE27}.Debug|Win32.Build.0 = Debug|Win32
		{6EC6571F-46B8-448A-BE0B-A71139EBEE27}.Release|Win32.ActiveCfg = Release|Win32
		{6EC6571F-46B8-448A-BE0B-A71139EBEE27}.Release|Win32.Build.0 = Release|Win32
	EndGlobalSection
	GlobalSection(SolutionProperties) = preSolution
		HideSolutionNode = FALSE
	EndGlobalSection
EndGlobal
